// !$*UTF8*$!
{
	archiveVersion = 1;
	classes = {
	};
	objectVersion = 56;
	objects = {

/* Begin PBXBuildFile section */

		E10EE5052BC9A48C000C0E3F /* InputView.swift in Sources */ = {isa = PBXBuildFile; fileRef = E10EE5042BC9A48C000C0E3F /* InputView.swift */; };
		E10EE5072BC9B287000C0E3F /* User.swift in Sources */ = {isa = PBXBuildFile; fileRef = E10EE5062BC9B287000C0E3F /* User.swift */; };

		0D822C532BC8E80900373EC4 /* SometypeMono-VariableFont_wght.ttf in Resources */ = {isa = PBXBuildFile; fileRef = 0D822C522BC8E80800373EC4 /* SometypeMono-VariableFont_wght.ttf */; };

		E1173E8A2BB72D6C00F6C886 /* ContentView.swift in Sources */ = {isa = PBXBuildFile; fileRef = E1173E892BB72D6C00F6C886 /* ContentView.swift */; };
		E1173E8E2BB72D6D00F6C886 /* Assets.xcassets in Resources */ = {isa = PBXBuildFile; fileRef = E1173E8D2BB72D6D00F6C886 /* Assets.xcassets */; };
		E1173E912BB72D6D00F6C886 /* Preview Assets.xcassets in Resources */ = {isa = PBXBuildFile; fileRef = E1173E902BB72D6D00F6C886 /* Preview Assets.xcassets */; };
		E11CA3E52BC9C3AE00B90559 /* GoogleService-Info.plist in Resources */ = {isa = PBXBuildFile; fileRef = E11CA3E42BC9C3AE00B90559 /* GoogleService-Info.plist */; };
		E11CA3E82BC9C50F00B90559 /* FirebaseAuth in Frameworks */ = {isa = PBXBuildFile; productRef = E11CA3E72BC9C50F00B90559 /* FirebaseAuth */; };
		E11CA3EA2BC9C50F00B90559 /* FirebaseFirestore in Frameworks */ = {isa = PBXBuildFile; productRef = E11CA3E92BC9C50F00B90559 /* FirebaseFirestore */; };
		E11CA3EC2BC9C50F00B90559 /* FirebaseFirestoreSwift in Frameworks */ = {isa = PBXBuildFile; productRef = E11CA3EB2BC9C50F00B90559 /* FirebaseFirestoreSwift */; };
		E11CA3EE2BC9C50F00B90559 /* FirebaseStorage in Frameworks */ = {isa = PBXBuildFile; productRef = E11CA3ED2BC9C50F00B90559 /* FirebaseStorage */; };
		E11CA3F02BC9C56000B90559 /* AuthViewModel.swift in Sources */ = {isa = PBXBuildFile; fileRef = E11CA3EF2BC9C56000B90559 /* AuthViewModel.swift */; };
		E1258AC72BBB437D006F2143 /* MainpageView.swift in Sources */ = {isa = PBXBuildFile; fileRef = E1258AC62BBB437D006F2143 /* MainpageView.swift */; };
		E18C74812BBB53B20057076D /* Item.swift in Sources */ = {isa = PBXBuildFile; fileRef = E18C74802BBB53B20057076D /* Item.swift */; };
		E18C74832BBB53D00057076D /* MoodHackerApp.swift in Sources */ = {isa = PBXBuildFile; fileRef = E18C74822BBB53D00057076D /* MoodHackerApp.swift */; };
/* End PBXBuildFile section */

/* Begin PBXFileReference section */

		E10EE5042BC9A48C000C0E3F /* InputView.swift */ = {isa = PBXFileReference; lastKnownFileType = sourcecode.swift; path = InputView.swift; sourceTree = "<group>"; };
		E10EE5062BC9B287000C0E3F /* User.swift */ = {isa = PBXFileReference; lastKnownFileType = sourcecode.swift; path = User.swift; sourceTree = "<group>"; };

		0D822C522BC8E80800373EC4 /* SometypeMono-VariableFont_wght.ttf */ = {isa = PBXFileReference; lastKnownFileType = file; path = "SometypeMono-VariableFont_wght.ttf"; sourceTree = "<group>"; };
		0D822C542BC8E9B200373EC4 /* Info.plist */ = {isa = PBXFileReference; lastKnownFileType = text.plist; path = Info.plist; sourceTree = "<group>"; };

		E1173E842BB72D6C00F6C886 /* MoodHacker.app */ = {isa = PBXFileReference; explicitFileType = wrapper.application; includeInIndex = 0; path = MoodHacker.app; sourceTree = BUILT_PRODUCTS_DIR; };
		E1173E892BB72D6C00F6C886 /* ContentView.swift */ = {isa = PBXFileReference; lastKnownFileType = sourcecode.swift; path = ContentView.swift; sourceTree = "<group>"; };
		E1173E8D2BB72D6D00F6C886 /* Assets.xcassets */ = {isa = PBXFileReference; lastKnownFileType = folder.assetcatalog; path = Assets.xcassets; sourceTree = "<group>"; };
		E1173E902BB72D6D00F6C886 /* Preview Assets.xcassets */ = {isa = PBXFileReference; lastKnownFileType = folder.assetcatalog; path = "Preview Assets.xcassets"; sourceTree = "<group>"; };
		E11CA3E42BC9C3AE00B90559 /* GoogleService-Info.plist */ = {isa = PBXFileReference; fileEncoding = 4; lastKnownFileType = text.plist.xml; name = "GoogleService-Info.plist"; path = "../../../Downloads/GoogleService-Info.plist"; sourceTree = "<group>"; };
		E11CA3EF2BC9C56000B90559 /* AuthViewModel.swift */ = {isa = PBXFileReference; lastKnownFileType = sourcecode.swift; path = AuthViewModel.swift; sourceTree = "<group>"; };
		E1258AC62BBB437D006F2143 /* MainpageView.swift */ = {isa = PBXFileReference; lastKnownFileType = sourcecode.swift; path = MainpageView.swift; sourceTree = "<group>"; };
		E18C74802BBB53B20057076D /* Item.swift */ = {isa = PBXFileReference; lastKnownFileType = sourcecode.swift; path = Item.swift; sourceTree = "<group>"; };
		E18C74822BBB53D00057076D /* MoodHackerApp.swift */ = {isa = PBXFileReference; lastKnownFileType = sourcecode.swift; path = MoodHackerApp.swift; sourceTree = "<group>"; };
/* End PBXFileReference section */

/* Begin PBXFrameworksBuildPhase section */
		E1173E812BB72D6B00F6C886 /* Frameworks */ = {
			isa = PBXFrameworksBuildPhase;
			buildActionMask = 2147483647;
			files = (
				E11CA3E82BC9C50F00B90559 /* FirebaseAuth in Frameworks */,
				E11CA3EE2BC9C50F00B90559 /* FirebaseStorage in Frameworks */,
				E11CA3EA2BC9C50F00B90559 /* FirebaseFirestore in Frameworks */,
				E11CA3EC2BC9C50F00B90559 /* FirebaseFirestoreSwift in Frameworks */,
			);
			runOnlyForDeploymentPostprocessing = 0;
		};
/* End PBXFrameworksBuildPhase section */

/* Begin PBXGroup section */
		0D822C512BC8E7C900373EC4 /* Fonts */ = {
			isa = PBXGroup;
			children = (
				0D822C522BC8E80800373EC4 /* SometypeMono-VariableFont_wght.ttf */,
			);
			path = Fonts;
			sourceTree = "<group>";
		};
		E1173E7B2BB72D6B00F6C886 = {
			isa = PBXGroup;
			children = (
				E1173E862BB72D6C00F6C886 /* MoodHacker */,
				E1173E852BB72D6C00F6C886 /* Products */,
			);
			sourceTree = "<group>";
		};
		E1173E852BB72D6C00F6C886 /* Products */ = {
			isa = PBXGroup;
			children = (
				E1173E842BB72D6C00F6C886 /* MoodHacker.app */,
			);
			name = Products;
			sourceTree = "<group>";
		};
		E1173E862BB72D6C00F6C886 /* MoodHacker */ = {
			isa = PBXGroup;
			children = (
				0D822C542BC8E9B200373EC4 /* Info.plist */,
				0D822C512BC8E7C900373EC4 /* Fonts */,
				E18C74822BBB53D00057076D /* MoodHackerApp.swift */,
				E1173E892BB72D6C00F6C886 /* ContentView.swift */,
				E10EE5062BC9B287000C0E3F /* User.swift */,
				E18C74802BBB53B20057076D /* Item.swift */,
				E10EE5042BC9A48C000C0E3F /* InputView.swift */,
				E1258AC62BBB437D006F2143 /* MainpageView.swift */,
				E1173E8D2BB72D6D00F6C886 /* Assets.xcassets */,
				E11CA3E42BC9C3AE00B90559 /* GoogleService-Info.plist */,
				E11CA3EF2BC9C56000B90559 /* AuthViewModel.swift */,
				E1173E8F2BB72D6D00F6C886 /* Preview Content */,
			);
			path = MoodHacker;
			sourceTree = "<group>";
		};
		E1173E8F2BB72D6D00F6C886 /* Preview Content */ = {
			isa = PBXGroup;
			children = (
				E1173E902BB72D6D00F6C886 /* Preview Assets.xcassets */,
			);
			path = "Preview Content";
			sourceTree = "<group>";
		};
/* End PBXGroup section */

/* Begin PBXNativeTarget section */
		E1173E832BB72D6B00F6C886 /* MoodHacker */ = {
			isa = PBXNativeTarget;
			buildConfigurationList = E1173E942BB72D6D00F6C886 /* Build configuration list for PBXNativeTarget "MoodHacker" */;
			buildPhases = (
				E1173E802BB72D6B00F6C886 /* Sources */,
				E1173E812BB72D6B00F6C886 /* Frameworks */,
				E1173E822BB72D6B00F6C886 /* Resources */,
			);
			buildRules = (
			);
			dependencies = (
			);
			name = MoodHacker;
			packageProductDependencies = (
				E11CA3E72BC9C50F00B90559 /* FirebaseAuth */,
				E11CA3E92BC9C50F00B90559 /* FirebaseFirestore */,
				E11CA3EB2BC9C50F00B90559 /* FirebaseFirestoreSwift */,
				E11CA3ED2BC9C50F00B90559 /* FirebaseStorage */,
			);
			productName = MoodHacker;
			productReference = E1173E842BB72D6C00F6C886 /* MoodHacker.app */;
			productType = "com.apple.product-type.application";
		};
/* End PBXNativeTarget section */

/* Begin PBXProject section */
		E1173E7C2BB72D6B00F6C886 /* Project object */ = {
			isa = PBXProject;
			attributes = {
				BuildIndependentTargetsInParallel = 1;
				LastSwiftUpdateCheck = 1500;
				LastUpgradeCheck = 1500;
				TargetAttributes = {
					E1173E832BB72D6B00F6C886 = {
						CreatedOnToolsVersion = 15.0.1;
					};
				};
			};
			buildConfigurationList = E1173E7F2BB72D6B00F6C886 /* Build configuration list for PBXProject "MoodHacker" */;
			compatibilityVersion = "Xcode 14.0";
			developmentRegion = en;
			hasScannedForEncodings = 0;
			knownRegions = (
				en,
				Base,
			);
			mainGroup = E1173E7B2BB72D6B00F6C886;
			packageReferences = (
				E11CA3E62BC9C50F00B90559 /* XCRemoteSwiftPackageReference "firebase-ios-sdk" */,
			);
			productRefGroup = E1173E852BB72D6C00F6C886 /* Products */;
			projectDirPath = "";
			projectRoot = "";
			targets = (
				E1173E832BB72D6B00F6C886 /* MoodHacker */,
			);
		};
/* End PBXProject section */

/* Begin PBXResourcesBuildPhase section */
		E1173E822BB72D6B00F6C886 /* Resources */ = {
			isa = PBXResourcesBuildPhase;
			buildActionMask = 2147483647;
			files = (
				E1173E912BB72D6D00F6C886 /* Preview Assets.xcassets in Resources */,
				0D822C532BC8E80900373EC4 /* SometypeMono-VariableFont_wght.ttf in Resources */,
				E1173E8E2BB72D6D00F6C886 /* Assets.xcassets in Resources */,
				E11CA3E52BC9C3AE00B90559 /* GoogleService-Info.plist in Resources */,
			);
			runOnlyForDeploymentPostprocessing = 0;
		};
/* End PBXResourcesBuildPhase section */

/* Begin PBXSourcesBuildPhase section */
		E1173E802BB72D6B00F6C886 /* Sources */ = {
			isa = PBXSourcesBuildPhase;
			buildActionMask = 2147483647;
			files = (
				E18C74832BBB53D00057076D /* MoodHackerApp.swift in Sources */,
				E18C74812BBB53B20057076D /* Item.swift in Sources */,
				E10EE5072BC9B287000C0E3F /* User.swift in Sources */,
				E11CA3F02BC9C56000B90559 /* AuthViewModel.swift in Sources */,
				E10EE5052BC9A48C000C0E3F /* InputView.swift in Sources */,
				E1173E8A2BB72D6C00F6C886 /* ContentView.swift in Sources */,
				E1258AC72BBB437D006F2143 /* MainpageView.swift in Sources */,
			);
			runOnlyForDeploymentPostprocessing = 0;
		};
/* End PBXSourcesBuildPhase section */

/* Begin XCBuildConfiguration section */
		E1173E922BB72D6D00F6C886 /* Debug */ = {
			isa = XCBuildConfiguration;
			buildSettings = {
				ALWAYS_SEARCH_USER_PATHS = NO;
				ASSETCATALOG_COMPILER_GENERATE_SWIFT_ASSET_SYMBOL_EXTENSIONS = YES;
				CLANG_ANALYZER_NONNULL = YES;
				CLANG_ANALYZER_NUMBER_OBJECT_CONVERSION = YES_AGGRESSIVE;
				CLANG_CXX_LANGUAGE_STANDARD = "gnu++20";
				CLANG_ENABLE_MODULES = YES;
				CLANG_ENABLE_OBJC_ARC = YES;
				CLANG_ENABLE_OBJC_WEAK = YES;
				CLANG_WARN_BLOCK_CAPTURE_AUTORELEASING = YES;
				CLANG_WARN_BOOL_CONVERSION = YES;
				CLANG_WARN_COMMA = YES;
				CLANG_WARN_CONSTANT_CONVERSION = YES;
				CLANG_WARN_DEPRECATED_OBJC_IMPLEMENTATIONS = YES;
				CLANG_WARN_DIRECT_OBJC_ISA_USAGE = YES_ERROR;
				CLANG_WARN_DOCUMENTATION_COMMENTS = YES;
				CLANG_WARN_EMPTY_BODY = YES;
				CLANG_WARN_ENUM_CONVERSION = YES;
				CLANG_WARN_INFINITE_RECURSION = YES;
				CLANG_WARN_INT_CONVERSION = YES;
				CLANG_WARN_NON_LITERAL_NULL_CONVERSION = YES;
				CLANG_WARN_OBJC_IMPLICIT_RETAIN_SELF = YES;
				CLANG_WARN_OBJC_LITERAL_CONVERSION = YES;
				CLANG_WARN_OBJC_ROOT_CLASS = YES_ERROR;
				CLANG_WARN_QUOTED_INCLUDE_IN_FRAMEWORK_HEADER = YES;
				CLANG_WARN_RANGE_LOOP_ANALYSIS = YES;
				CLANG_WARN_STRICT_PROTOTYPES = YES;
				CLANG_WARN_SUSPICIOUS_MOVE = YES;
				CLANG_WARN_UNGUARDED_AVAILABILITY = YES_AGGRESSIVE;
				CLANG_WARN_UNREACHABLE_CODE = YES;
				CLANG_WARN__DUPLICATE_METHOD_MATCH = YES;
				COPY_PHASE_STRIP = NO;
				DEBUG_INFORMATION_FORMAT = dwarf;
				ENABLE_STRICT_OBJC_MSGSEND = YES;
				ENABLE_TESTABILITY = YES;
				ENABLE_USER_SCRIPT_SANDBOXING = YES;
				GCC_C_LANGUAGE_STANDARD = gnu17;
				GCC_DYNAMIC_NO_PIC = NO;
				GCC_NO_COMMON_BLOCKS = YES;
				GCC_OPTIMIZATION_LEVEL = 0;
				GCC_PREPROCESSOR_DEFINITIONS = (
					"DEBUG=1",
					"$(inherited)",
				);
				GCC_WARN_64_TO_32_BIT_CONVERSION = YES;
				GCC_WARN_ABOUT_RETURN_TYPE = YES_ERROR;
				GCC_WARN_UNDECLARED_SELECTOR = YES;
				GCC_WARN_UNINITIALIZED_AUTOS = YES_AGGRESSIVE;
				GCC_WARN_UNUSED_FUNCTION = YES;
				GCC_WARN_UNUSED_VARIABLE = YES;
				IPHONEOS_DEPLOYMENT_TARGET = 17.0;
				LOCALIZATION_PREFERS_STRING_CATALOGS = YES;
				MTL_ENABLE_DEBUG_INFO = INCLUDE_SOURCE;
				MTL_FAST_MATH = YES;
				ONLY_ACTIVE_ARCH = YES;
				SDKROOT = iphoneos;
				SWIFT_ACTIVE_COMPILATION_CONDITIONS = "DEBUG $(inherited)";
				SWIFT_OPTIMIZATION_LEVEL = "-Onone";
			};
			name = Debug;
		};
		E1173E932BB72D6D00F6C886 /* Release */ = {
			isa = XCBuildConfiguration;
			buildSettings = {
				ALWAYS_SEARCH_USER_PATHS = NO;
				ASSETCATALOG_COMPILER_GENERATE_SWIFT_ASSET_SYMBOL_EXTENSIONS = YES;
				CLANG_ANALYZER_NONNULL = YES;
				CLANG_ANALYZER_NUMBER_OBJECT_CONVERSION = YES_AGGRESSIVE;
				CLANG_CXX_LANGUAGE_STANDARD = "gnu++20";
				CLANG_ENABLE_MODULES = YES;
				CLANG_ENABLE_OBJC_ARC = YES;
				CLANG_ENABLE_OBJC_WEAK = YES;
				CLANG_WARN_BLOCK_CAPTURE_AUTORELEASING = YES;
				CLANG_WARN_BOOL_CONVERSION = YES;
				CLANG_WARN_COMMA = YES;
				CLANG_WARN_CONSTANT_CONVERSION = YES;
				CLANG_WARN_DEPRECATED_OBJC_IMPLEMENTATIONS = YES;
				CLANG_WARN_DIRECT_OBJC_ISA_USAGE = YES_ERROR;
				CLANG_WARN_DOCUMENTATION_COMMENTS = YES;
				CLANG_WARN_EMPTY_BODY = YES;
				CLANG_WARN_ENUM_CONVERSION = YES;
				CLANG_WARN_INFINITE_RECURSION = YES;
				CLANG_WARN_INT_CONVERSION = YES;
				CLANG_WARN_NON_LITERAL_NULL_CONVERSION = YES;
				CLANG_WARN_OBJC_IMPLICIT_RETAIN_SELF = YES;
				CLANG_WARN_OBJC_LITERAL_CONVERSION = YES;
				CLANG_WARN_OBJC_ROOT_CLASS = YES_ERROR;
				CLANG_WARN_QUOTED_INCLUDE_IN_FRAMEWORK_HEADER = YES;
				CLANG_WARN_RANGE_LOOP_ANALYSIS = YES;
				CLANG_WARN_STRICT_PROTOTYPES = YES;
				CLANG_WARN_SUSPICIOUS_MOVE = YES;
				CLANG_WARN_UNGUARDED_AVAILABILITY = YES_AGGRESSIVE;
				CLANG_WARN_UNREACHABLE_CODE = YES;
				CLANG_WARN__DUPLICATE_METHOD_MATCH = YES;
				COPY_PHASE_STRIP = NO;
				DEBUG_INFORMATION_FORMAT = "dwarf-with-dsym";
				ENABLE_NS_ASSERTIONS = NO;
				ENABLE_STRICT_OBJC_MSGSEND = YES;
				ENABLE_USER_SCRIPT_SANDBOXING = YES;
				GCC_C_LANGUAGE_STANDARD = gnu17;
				GCC_NO_COMMON_BLOCKS = YES;
				GCC_WARN_64_TO_32_BIT_CONVERSION = YES;
				GCC_WARN_ABOUT_RETURN_TYPE = YES_ERROR;
				GCC_WARN_UNDECLARED_SELECTOR = YES;
				GCC_WARN_UNINITIALIZED_AUTOS = YES_AGGRESSIVE;
				GCC_WARN_UNUSED_FUNCTION = YES;
				GCC_WARN_UNUSED_VARIABLE = YES;
				IPHONEOS_DEPLOYMENT_TARGET = 17.0;
				LOCALIZATION_PREFERS_STRING_CATALOGS = YES;
				MTL_ENABLE_DEBUG_INFO = NO;
				MTL_FAST_MATH = YES;
				SDKROOT = iphoneos;
				SWIFT_COMPILATION_MODE = wholemodule;
				VALIDATE_PRODUCT = YES;
			};
			name = Release;
		};
		E1173E952BB72D6D00F6C886 /* Debug */ = {
			isa = XCBuildConfiguration;
			buildSettings = {
				ASSETCATALOG_COMPILER_APPICON_NAME = AppIcon;
				ASSETCATALOG_COMPILER_GLOBAL_ACCENT_COLOR_NAME = AccentColor;
				CODE_SIGN_STYLE = Automatic;
				CURRENT_PROJECT_VERSION = 1;
				DEVELOPMENT_ASSET_PATHS = "\"MoodHacker/Preview Content\"";
				DEVELOPMENT_TEAM = 8AU6296BKB;
				ENABLE_PREVIEWS = YES;
				GENERATE_INFOPLIST_FILE = YES;
				INFOPLIST_FILE = MoodHacker/Info.plist;
				INFOPLIST_KEY_UIApplicationSceneManifest_Generation = YES;
				INFOPLIST_KEY_UIApplicationSupportsIndirectInputEvents = YES;
				INFOPLIST_KEY_UILaunchScreen_Generation = YES;
				INFOPLIST_KEY_UISupportedInterfaceOrientations_iPad = "UIInterfaceOrientationPortrait UIInterfaceOrientationPortraitUpsideDown UIInterfaceOrientationLandscapeLeft UIInterfaceOrientationLandscapeRight";
				INFOPLIST_KEY_UISupportedInterfaceOrientations_iPhone = "UIInterfaceOrientationPortrait UIInterfaceOrientationLandscapeLeft UIInterfaceOrientationLandscapeRight";
				LD_RUNPATH_SEARCH_PATHS = (
					"$(inherited)",
					"@executable_path/Frameworks",
				);
				MARKETING_VERSION = 1.0;
				PRODUCT_BUNDLE_IDENTIFIER = "LK-.MoodHacker";
				PRODUCT_NAME = "$(TARGET_NAME)";
				SWIFT_EMIT_LOC_STRINGS = YES;
				SWIFT_VERSION = 5.0;
				TARGETED_DEVICE_FAMILY = "1,2";
			};
			name = Debug;
		};
		E1173E962BB72D6D00F6C886 /* Release */ = {
			isa = XCBuildConfiguration;
			buildSettings = {
				ASSETCATALOG_COMPILER_APPICON_NAME = AppIcon;
				ASSETCATALOG_COMPILER_GLOBAL_ACCENT_COLOR_NAME = AccentColor;
				CODE_SIGN_STYLE = Automatic;
				CURRENT_PROJECT_VERSION = 1;
				DEVELOPMENT_ASSET_PATHS = "\"MoodHacker/Preview Content\"";
				DEVELOPMENT_TEAM = 8AU6296BKB;
				ENABLE_PREVIEWS = YES;
				GENERATE_INFOPLIST_FILE = YES;
				INFOPLIST_FILE = MoodHacker/Info.plist;
				INFOPLIST_KEY_UIApplicationSceneManifest_Generation = YES;
				INFOPLIST_KEY_UIApplicationSupportsIndirectInputEvents = YES;
				INFOPLIST_KEY_UILaunchScreen_Generation = YES;
				INFOPLIST_KEY_UISupportedInterfaceOrientations_iPad = "UIInterfaceOrientationPortrait UIInterfaceOrientationPortraitUpsideDown UIInterfaceOrientationLandscapeLeft UIInterfaceOrientationLandscapeRight";
				INFOPLIST_KEY_UISupportedInterfaceOrientations_iPhone = "UIInterfaceOrientationPortrait UIInterfaceOrientationLandscapeLeft UIInterfaceOrientationLandscapeRight";
				LD_RUNPATH_SEARCH_PATHS = (
					"$(inherited)",
					"@executable_path/Frameworks",
				);
				MARKETING_VERSION = 1.0;
				PRODUCT_BUNDLE_IDENTIFIER = "LK-.MoodHacker";
				PRODUCT_NAME = "$(TARGET_NAME)";
				SWIFT_EMIT_LOC_STRINGS = YES;
				SWIFT_VERSION = 5.0;
				TARGETED_DEVICE_FAMILY = "1,2";
			};
			name = Release;
		};
/* End XCBuildConfiguration section */

/* Begin XCConfigurationList section */
		E1173E7F2BB72D6B00F6C886 /* Build configuration list for PBXProject "MoodHacker" */ = {
			isa = XCConfigurationList;
			buildConfigurations = (
				E1173E922BB72D6D00F6C886 /* Debug */,
				E1173E932BB72D6D00F6C886 /* Release */,
			);
			defaultConfigurationIsVisible = 0;
			defaultConfigurationName = Release;
		};
		E1173E942BB72D6D00F6C886 /* Build configuration list for PBXNativeTarget "MoodHacker" */ = {
			isa = XCConfigurationList;
			buildConfigurations = (
				E1173E952BB72D6D00F6C886 /* Debug */,
				E1173E962BB72D6D00F6C886 /* Release */,
			);
			defaultConfigurationIsVisible = 0;
			defaultConfigurationName = Release;
		};
/* End XCConfigurationList section */

/* Begin XCRemoteSwiftPackageReference section */
		E11CA3E62BC9C50F00B90559 /* XCRemoteSwiftPackageReference "firebase-ios-sdk" */ = {
			isa = XCRemoteSwiftPackageReference;
			repositoryURL = "https://github.com/firebase/firebase-ios-sdk";
			requirement = {
				kind = upToNextMajorVersion;
				minimumVersion = 10.24.0;
			};
		};
/* End XCRemoteSwiftPackageReference section */

/* Begin XCSwiftPackageProductDependency section */
		E11CA3E72BC9C50F00B90559 /* FirebaseAuth */ = {
			isa = XCSwiftPackageProductDependency;
			package = E11CA3E62BC9C50F00B90559 /* XCRemoteSwiftPackageReference "firebase-ios-sdk" */;
			productName = FirebaseAuth;
		};
		E11CA3E92BC9C50F00B90559 /* FirebaseFirestore */ = {
			isa = XCSwiftPackageProductDependency;
			package = E11CA3E62BC9C50F00B90559 /* XCRemoteSwiftPackageReference "firebase-ios-sdk" */;
			productName = FirebaseFirestore;
		};
		E11CA3EB2BC9C50F00B90559 /* FirebaseFirestoreSwift */ = {
			isa = XCSwiftPackageProductDependency;
			package = E11CA3E62BC9C50F00B90559 /* XCRemoteSwiftPackageReference "firebase-ios-sdk" */;
			productName = FirebaseFirestoreSwift;
		};
		E11CA3ED2BC9C50F00B90559 /* FirebaseStorage */ = {
			isa = XCSwiftPackageProductDependency;
			package = E11CA3E62BC9C50F00B90559 /* XCRemoteSwiftPackageReference "firebase-ios-sdk" */;
			productName = FirebaseStorage;
		};
/* End XCSwiftPackageProductDependency section */
	};
	rootObject = E1173E7C2BB72D6B00F6C886 /* Project object */;
}
