// !$*UTF8*$!
{
	archiveVersion = 1;
	classes = {
	};
	objectVersion = 56;
	objects = {

/* Begin PBXBuildFile section */
		1F184EA92B8E7F94009BA79A /* Mood_HackerApp.swift in Sources */ = {isa = PBXBuildFile; fileRef = 1F184EA82B8E7F94009BA79A /* Mood_HackerApp.swift */; };
		1F184EAB2B8E7F94009BA79A /* ContentView.swift in Sources */ = {isa = PBXBuildFile; fileRef = 1F184EAA2B8E7F94009BA79A /* ContentView.swift */; };
		1F184EAD2B8E7F94009BA79A /* Item.swift in Sources */ = {isa = PBXBuildFile; fileRef = 1F184EAC2B8E7F94009BA79A /* Item.swift */; };
		1F184EB22B8E7F99009BA79A /* Preview Assets.xcassets in Resources */ = {isa = PBXBuildFile; fileRef = 1F184EB12B8E7F99009BA79A /* Preview Assets.xcassets */; };
		1F184EBC2B8E7F9A009BA79A /* Mood_HackerTests.swift in Sources */ = {isa = PBXBuildFile; fileRef = 1F184EBB2B8E7F9A009BA79A /* Mood_HackerTests.swift */; };
		1F184EC62B8E7F9A009BA79A /* Mood_HackerUITests.swift in Sources */ = {isa = PBXBuildFile; fileRef = 1F184EC52B8E7F9A009BA79A /* Mood_HackerUITests.swift */; };
		1F184EC82B8E7F9A009BA79A /* Mood_HackerUITestsLaunchTests.swift in Sources */ = {isa = PBXBuildFile; fileRef = 1F184EC72B8E7F9A009BA79A /* Mood_HackerUITestsLaunchTests.swift */; };
		E1258AD32BBB4EF7006F2143 /* Assets.xcassets in Resources */ = {isa = PBXBuildFile; fileRef = E1258AD22BBB4EF7006F2143 /* Assets.xcassets */; };
		E1258AD82BBB4FB6006F2143 /* MainpageView.swift in Sources */ = {isa = PBXBuildFile; fileRef = E1258AD72BBB4FB6006F2143 /* MainpageView.swift */; };
/* End PBXBuildFile section */

/* Begin PBXContainerItemProxy section */
		1F184EB82B8E7F9A009BA79A /* PBXContainerItemProxy */ = {
			isa = PBXContainerItemProxy;
			containerPortal = 1F184E9D2B8E7F93009BA79A /* Project object */;
			proxyType = 1;
			remoteGlobalIDString = 1F184EA42B8E7F94009BA79A;
			remoteInfo = "Mood Hacker";
		};
		1F184EC22B8E7F9A009BA79A /* PBXContainerItemProxy */ = {
			isa = PBXContainerItemProxy;
			containerPortal = 1F184E9D2B8E7F93009BA79A /* Project object */;
			proxyType = 1;
			remoteGlobalIDString = 1F184EA42B8E7F94009BA79A;
			remoteInfo = "Mood Hacker";
		};
/* End PBXContainerItemProxy section */

/* Begin PBXFileReference section */
		1F184EA52B8E7F94009BA79A /* Mood Hacker.app */ = {isa = PBXFileReference; explicitFileType = wrapper.application; includeInIndex = 0; path = "Mood Hacker.app"; sourceTree = BUILT_PRODUCTS_DIR; };
		1F184EA82B8E7F94009BA79A /* Mood_HackerApp.swift */ = {isa = PBXFileReference; lastKnownFileType = sourcecode.swift; path = Mood_HackerApp.swift; sourceTree = "<group>"; };
		1F184EAA2B8E7F94009BA79A /* ContentView.swift */ = {isa = PBXFileReference; lastKnownFileType = sourcecode.swift; path = ContentView.swift; sourceTree = "<group>"; };
		1F184EAC2B8E7F94009BA79A /* Item.swift */ = {isa = PBXFileReference; lastKnownFileType = sourcecode.swift; path = Item.swift; sourceTree = "<group>"; };
		1F184EB12B8E7F99009BA79A /* Preview Assets.xcassets */ = {isa = PBXFileReference; lastKnownFileType = folder.assetcatalog; path = "Preview Assets.xcassets"; sourceTree = "<group>"; };
		1F184EB72B8E7F9A009BA79A /* Mood HackerTests.xctest */ = {isa = PBXFileReference; explicitFileType = wrapper.cfbundle; includeInIndex = 0; path = "Mood HackerTests.xctest"; sourceTree = BUILT_PRODUCTS_DIR; };
		1F184EBB2B8E7F9A009BA79A /* Mood_HackerTests.swift */ = {isa = PBXFileReference; lastKnownFileType = sourcecode.swift; path = Mood_HackerTests.swift; sourceTree = "<group>"; };
		1F184EC12B8E7F9A009BA79A /* Mood HackerUITests.xctest */ = {isa = PBXFileReference; explicitFileType = wrapper.cfbundle; includeInIndex = 0; path = "Mood HackerUITests.xctest"; sourceTree = BUILT_PRODUCTS_DIR; };
		1F184EC52B8E7F9A009BA79A /* Mood_HackerUITests.swift */ = {isa = PBXFileReference; lastKnownFileType = sourcecode.swift; path = Mood_HackerUITests.swift; sourceTree = "<group>"; };
		1F184EC72B8E7F9A009BA79A /* Mood_HackerUITestsLaunchTests.swift */ = {isa = PBXFileReference; lastKnownFileType = sourcecode.swift; path = Mood_HackerUITestsLaunchTests.swift; sourceTree = "<group>"; };
		E1258AD22BBB4EF7006F2143 /* Assets.xcassets */ = {isa = PBXFileReference; lastKnownFileType = folder.assetcatalog; name = Assets.xcassets; path = ../../../Downloads/Assets.xcassets; sourceTree = "<group>"; };
		E1258AD42BBB4EFD006F2143 /* Assets.xcassets */ = {isa = PBXFileReference; lastKnownFileType = folder.assetcatalog; name = Assets.xcassets; path = ../../../Downloads/Assets.xcassets; sourceTree = "<group>"; };
		E1258AD72BBB4FB6006F2143 /* MainpageView.swift */ = {isa = PBXFileReference; lastKnownFileType = sourcecode.swift; path = MainpageView.swift; sourceTree = "<group>"; };
/* End PBXFileReference section */

/* Begin PBXFrameworksBuildPhase section */
		1F184EA22B8E7F94009BA79A /* Frameworks */ = {
			isa = PBXFrameworksBuildPhase;
			buildActionMask = 2147483647;
			files = (
			);
			runOnlyForDeploymentPostprocessing = 0;
		};
		1F184EB42B8E7F9A009BA79A /* Frameworks */ = {
			isa = PBXFrameworksBuildPhase;
			buildActionMask = 2147483647;
			files = (
			);
			runOnlyForDeploymentPostprocessing = 0;
		};
		1F184EBE2B8E7F9A009BA79A /* Frameworks */ = {
			isa = PBXFrameworksBuildPhase;
			buildActionMask = 2147483647;
			files = (
			);
			runOnlyForDeploymentPostprocessing = 0;
		};
/* End PBXFrameworksBuildPhase section */

/* Begin PBXGroup section */
		1F184E9C2B8E7F93009BA79A = {
			isa = PBXGroup;
			children = (
				1F184EA72B8E7F94009BA79A /* Mood Hacker */,
				1F184EBA2B8E7F9A009BA79A /* Mood HackerTests */,
				1F184EC42B8E7F9A009BA79A /* Mood HackerUITests */,
				1F184EA62B8E7F94009BA79A /* Products */,
			);
			sourceTree = "<group>";
		};
		1F184EA62B8E7F94009BA79A /* Products */ = {
			isa = PBXGroup;
			children = (
				1F184EA52B8E7F94009BA79A /* Mood Hacker.app */,
				1F184EB72B8E7F9A009BA79A /* Mood HackerTests.xctest */,
				1F184EC12B8E7F9A009BA79A /* Mood HackerUITests.xctest */,
			);
			name = Products;
			sourceTree = "<group>";
		};
		1F184EA72B8E7F94009BA79A /* Mood Hacker */ = {
			isa = PBXGroup;
			children = (
				E1258AD72BBB4FB6006F2143 /* MainpageView.swift */,
				1F184EA82B8E7F94009BA79A /* Mood_HackerApp.swift */,
				1F184EAA2B8E7F94009BA79A /* ContentView.swift */,
				1F184EAC2B8E7F94009BA79A /* Item.swift */,
				E1258AD42BBB4EFD006F2143 /* Assets.xcassets */,
				1F184EB02B8E7F99009BA79A /* Preview Content */,
			);
			path = "Mood Hacker";
			sourceTree = "<group>";
		};
		1F184EB02B8E7F99009BA79A /* Preview Content */ = {
			isa = PBXGroup;
			children = (
				1F184EB12B8E7F99009BA79A /* Preview Assets.xcassets */,
			);
			path = "Preview Content";
			sourceTree = "<group>";
		};
		1F184EBA2B8E7F9A009BA79A /* Mood HackerTests */ = {
			isa = PBXGroup;
			children = (
				1F184EBB2B8E7F9A009BA79A /* Mood_HackerTests.swift */,
			);
			path = "Mood HackerTests";
			sourceTree = "<group>";
		};
		1F184EC42B8E7F9A009BA79A /* Mood HackerUITests */ = {
			isa = PBXGroup;
			children = (
				1F184EC52B8E7F9A009BA79A /* Mood_HackerUITests.swift */,
				1F184EC72B8E7F9A009BA79A /* Mood_HackerUITestsLaunchTests.swift */,
				E1258AD22BBB4EF7006F2143 /* Assets.xcassets */,
			);
			path = "Mood HackerUITests";
			sourceTree = "<group>";
		};
/* End PBXGroup section */

/* Begin PBXNativeTarget section */
		1F184EA42B8E7F94009BA79A /* Mood Hacker */ = {
			isa = PBXNativeTarget;
			buildConfigurationList = 1F184ECB2B8E7F9A009BA79A /* Build configuration list for PBXNativeTarget "Mood Hacker" */;
			buildPhases = (
				1F184EA12B8E7F94009BA79A /* Sources */,
				1F184EA22B8E7F94009BA79A /* Frameworks */,
				1F184EA32B8E7F94009BA79A /* Resources */,
			);
			buildRules = (
			);
			dependencies = (
			);
			name = "Mood Hacker";
			productName = "Mood Hacker";
			productReference = 1F184EA52B8E7F94009BA79A /* Mood Hacker.app */;
			productType = "com.apple.product-type.application";
		};
		1F184EB62B8E7F9A009BA79A /* Mood HackerTests */ = {
			isa = PBXNativeTarget;
			buildConfigurationList = 1F184ECE2B8E7F9A009BA79A /* Build configuration list for PBXNativeTarget "Mood HackerTests" */;
			buildPhases = (
				1F184EB32B8E7F9A009BA79A /* Sources */,
				1F184EB42B8E7F9A009BA79A /* Frameworks */,
				1F184EB52B8E7F9A009BA79A /* Resources */,
			);
			buildRules = (
			);
			dependencies = (
				1F184EB92B8E7F9A009BA79A /* PBXTargetDependency */,
			);
			name = "Mood HackerTests";
			productName = "Mood HackerTests";
			productReference = 1F184EB72B8E7F9A009BA79A /* Mood HackerTests.xctest */;
			productType = "com.apple.product-type.bundle.unit-test";
		};
		1F184EC02B8E7F9A009BA79A /* Mood HackerUITests */ = {
			isa = PBXNativeTarget;
			buildConfigurationList = 1F184ED12B8E7F9A009BA79A /* Build configuration list for PBXNativeTarget "Mood HackerUITests" */;
			buildPhases = (
				1F184EBD2B8E7F9A009BA79A /* Sources */,
				1F184EBE2B8E7F9A009BA79A /* Frameworks */,
				1F184EBF2B8E7F9A009BA79A /* Resources */,
			);
			buildRules = (
			);
			dependencies = (
				1F184EC32B8E7F9A009BA79A /* PBXTargetDependency */,
			);
			name = "Mood HackerUITests";
			productName = "Mood HackerUITests";
			productReference = 1F184EC12B8E7F9A009BA79A /* Mood HackerUITests.xctest */;
			productType = "com.apple.product-type.bundle.ui-testing";
		};
/* End PBXNativeTarget section */

/* Begin PBXProject section */
		1F184E9D2B8E7F93009BA79A /* Project object */ = {
			isa = PBXProject;
			attributes = {
				BuildIndependentTargetsInParallel = 1;
				LastSwiftUpdateCheck = 1520;
				LastUpgradeCheck = 1520;
				TargetAttributes = {
					1F184EA42B8E7F94009BA79A = {
						CreatedOnToolsVersion = 15.2;
					};
					1F184EB62B8E7F9A009BA79A = {
						CreatedOnToolsVersion = 15.2;
						TestTargetID = 1F184EA42B8E7F94009BA79A;
					};
					1F184EC02B8E7F9A009BA79A = {
						CreatedOnToolsVersion = 15.2;
						TestTargetID = 1F184EA42B8E7F94009BA79A;
					};
				};
			};
			buildConfigurationList = 1F184EA02B8E7F93009BA79A /* Build configuration list for PBXProject "Mood Hacker" */;
			compatibilityVersion = "Xcode 14.0";
			developmentRegion = en;
			hasScannedForEncodings = 0;
			knownRegions = (
				en,
				Base,
			);
			mainGroup = 1F184E9C2B8E7F93009BA79A;
			productRefGroup = 1F184EA62B8E7F94009BA79A /* Products */;
			projectDirPath = "";
			projectRoot = "";
			targets = (
				1F184EA42B8E7F94009BA79A /* Mood Hacker */,
				1F184EB62B8E7F9A009BA79A /* Mood HackerTests */,
				1F184EC02B8E7F9A009BA79A /* Mood HackerUITests */,
			);
		};
/* End PBXProject section */

/* Begin PBXResourcesBuildPhase section */
		1F184EA32B8E7F94009BA79A /* Resources */ = {
			isa = PBXResourcesBuildPhase;
			buildActionMask = 2147483647;
			files = (
				1F184EB22B8E7F99009BA79A /* Preview Assets.xcassets in Resources */,
				E1258AD32BBB4EF7006F2143 /* Assets.xcassets in Resources */,
			);
			runOnlyForDeploymentPostprocessing = 0;
		};
		1F184EB52B8E7F9A009BA79A /* Resources */ = {
			isa = PBXResourcesBuildPhase;
			buildActionMask = 2147483647;
			files = (
			);
			runOnlyForDeploymentPostprocessing = 0;
		};
		1F184EBF2B8E7F9A009BA79A /* Resources */ = {
			isa = PBXResourcesBuildPhase;
			buildActionMask = 2147483647;
			files = (
			);
			runOnlyForDeploymentPostprocessing = 0;
		};
/* End PBXResourcesBuildPhase section */

/* Begin PBXSourcesBuildPhase section */
		1F184EA12B8E7F94009BA79A /* Sources */ = {
			isa = PBXSourcesBuildPhase;
			buildActionMask = 2147483647;
			files = (
				E1258AD82BBB4FB6006F2143 /* MainpageView.swift in Sources */,
				1F184EAB2B8E7F94009BA79A /* ContentView.swift in Sources */,
				1F184EAD2B8E7F94009BA79A /* Item.swift in Sources */,
				1F184EA92B8E7F94009BA79A /* Mood_HackerApp.swift in Sources */,
			);
			runOnlyForDeploymentPostprocessing = 0;
		};
		1F184EB32B8E7F9A009BA79A /* Sources */ = {
			isa = PBXSourcesBuildPhase;
			buildActionMask = 2147483647;
			files = (
				1F184EBC2B8E7F9A009BA79A /* Mood_HackerTests.swift in Sources */,
			);
			runOnlyForDeploymentPostprocessing = 0;
		};
		1F184EBD2B8E7F9A009BA79A /* Sources */ = {
			isa = PBXSourcesBuildPhase;
			buildActionMask = 2147483647;
			files = (
				1F184EC62B8E7F9A009BA79A /* Mood_HackerUITests.swift in Sources */,
				1F184EC82B8E7F9A009BA79A /* Mood_HackerUITestsLaunchTests.swift in Sources */,
			);
			runOnlyForDeploymentPostprocessing = 0;
		};
/* End PBXSourcesBuildPhase section */

/* Begin PBXTargetDependency section */
		1F184EB92B8E7F9A009BA79A /* PBXTargetDependency */ = {
			isa = PBXTargetDependency;
			target = 1F184EA42B8E7F94009BA79A /* Mood Hacker */;
			targetProxy = 1F184EB82B8E7F9A009BA79A /* PBXContainerItemProxy */;
		};
		1F184EC32B8E7F9A009BA79A /* PBXTargetDependency */ = {
			isa = PBXTargetDependency;
			target = 1F184EA42B8E7F94009BA79A /* Mood Hacker */;
			targetProxy = 1F184EC22B8E7F9A009BA79A /* PBXContainerItemProxy */;
		};
/* End PBXTargetDependency section */

/* Begin XCBuildConfiguration section */
		1F184EC92B8E7F9A009BA79A /* Debug */ = {
			isa = XCBuildConfiguration;
			buildSettings = {
				ALWAYS_SEARCH_USER_PATHS = NO;
				ASSETCATALOG_COMPILER_GENERATE_SWIFT_ASSET_SYMBOL_EXTENSIONS = YES;
				CLANG_ANALYZER_NONNULL = YES;
				CLANG_ANALYZER_NUMBER_OBJECT_CONVERSION = YES_AGGRESSIVE;
				CLANG_CXX_LANGUAGE_STANDARD = "gnu++20";
				CLANG_ENABLE_MODULES = YES;
				CLANG_ENABLE_OBJC_ARC = YES;
				CLANG_ENABLE_OBJC_WEAK = YES;
				CLANG_WARN_BLOCK_CAPTURE_AUTORELEASING = YES;
				CLANG_WARN_BOOL_CONVERSION = YES;
				CLANG_WARN_COMMA = YES;
				CLANG_WARN_CONSTANT_CONVERSION = YES;
				CLANG_WARN_DEPRECATED_OBJC_IMPLEMENTATIONS = YES;
				CLANG_WARN_DIRECT_OBJC_ISA_USAGE = YES_ERROR;
				CLANG_WARN_DOCUMENTATION_COMMENTS = YES;
				CLANG_WARN_EMPTY_BODY = YES;
				CLANG_WARN_ENUM_CONVERSION = YES;
				CLANG_WARN_INFINITE_RECURSION = YES;
				CLANG_WARN_INT_CONVERSION = YES;
				CLANG_WARN_NON_LITERAL_NULL_CONVERSION = YES;
				CLANG_WARN_OBJC_IMPLICIT_RETAIN_SELF = YES;
				CLANG_WARN_OBJC_LITERAL_CONVERSION = YES;
				CLANG_WARN_OBJC_ROOT_CLASS = YES_ERROR;
				CLANG_WARN_QUOTED_INCLUDE_IN_FRAMEWORK_HEADER = YES;
				CLANG_WARN_RANGE_LOOP_ANALYSIS = YES;
				CLANG_WARN_STRICT_PROTOTYPES = YES;
				CLANG_WARN_SUSPICIOUS_MOVE = YES;
				CLANG_WARN_UNGUARDED_AVAILABILITY = YES_AGGRESSIVE;
				CLANG_WARN_UNREACHABLE_CODE = YES;
				CLANG_WARN__DUPLICATE_METHOD_MATCH = YES;
				COPY_PHASE_STRIP = NO;
				DEBUG_INFORMATION_FORMAT = dwarf;
				ENABLE_STRICT_OBJC_MSGSEND = YES;
				ENABLE_TESTABILITY = YES;
				ENABLE_USER_SCRIPT_SANDBOXING = YES;
				GCC_C_LANGUAGE_STANDARD = gnu17;
				GCC_DYNAMIC_NO_PIC = NO;
				GCC_NO_COMMON_BLOCKS = YES;
				GCC_OPTIMIZATION_LEVEL = 0;
				GCC_PREPROCESSOR_DEFINITIONS = (
					"DEBUG=1",
					"$(inherited)",
				);
				GCC_WARN_64_TO_32_BIT_CONVERSION = YES;
				GCC_WARN_ABOUT_RETURN_TYPE = YES_ERROR;
				GCC_WARN_UNDECLARED_SELECTOR = YES;
				GCC_WARN_UNINITIALIZED_AUTOS = YES_AGGRESSIVE;
				GCC_WARN_UNUSED_FUNCTION = YES;
				GCC_WARN_UNUSED_VARIABLE = YES;
				IPHONEOS_DEPLOYMENT_TARGET = 17.2;
				LOCALIZATION_PREFERS_STRING_CATALOGS = YES;
				MTL_ENABLE_DEBUG_INFO = INCLUDE_SOURCE;
				MTL_FAST_MATH = YES;
				ONLY_ACTIVE_ARCH = YES;
				SDKROOT = iphoneos;
				SWIFT_ACTIVE_COMPILATION_CONDITIONS = "DEBUG $(inherited)";
				SWIFT_OPTIMIZATION_LEVEL = "-Onone";
			};
			name = Debug;
		};
		1F184ECA2B8E7F9A009BA79A /* Release */ = {
			isa = XCBuildConfiguration;
			buildSettings = {
				ALWAYS_SEARCH_USER_PATHS = NO;
				ASSETCATALOG_COMPILER_GENERATE_SWIFT_ASSET_SYMBOL_EXTENSIONS = YES;
				CLANG_ANALYZER_NONNULL = YES;
				CLANG_ANALYZER_NUMBER_OBJECT_CONVERSION = YES_AGGRESSIVE;
				CLANG_CXX_LANGUAGE_STANDARD = "gnu++20";
				CLANG_ENABLE_MODULES = YES;
				CLANG_ENABLE_OBJC_ARC = YES;
				CLANG_ENABLE_OBJC_WEAK = YES;
				CLANG_WARN_BLOCK_CAPTURE_AUTORELEASING = YES;
				CLANG_WARN_BOOL_CONVERSION = YES;
				CLANG_WARN_COMMA = YES;
				CLANG_WARN_CONSTANT_CONVERSION = YES;
				CLANG_WARN_DEPRECATED_OBJC_IMPLEMENTATIONS = YES;
				CLANG_WARN_DIRECT_OBJC_ISA_USAGE = YES_ERROR;
				CLANG_WARN_DOCUMENTATION_COMMENTS = YES;
				CLANG_WARN_EMPTY_BODY = YES;
				CLANG_WARN_ENUM_CONVERSION = YES;
				CLANG_WARN_INFINITE_RECURSION = YES;
				CLANG_WARN_INT_CONVERSION = YES;
				CLANG_WARN_NON_LITERAL_NULL_CONVERSION = YES;
				CLANG_WARN_OBJC_IMPLICIT_RETAIN_SELF = YES;
				CLANG_WARN_OBJC_LITERAL_CONVERSION = YES;
				CLANG_WARN_OBJC_ROOT_CLASS = YES_ERROR;
				CLANG_WARN_QUOTED_INCLUDE_IN_FRAMEWORK_HEADER = YES;
				CLANG_WARN_RANGE_LOOP_ANALYSIS = YES;
				CLANG_WARN_STRICT_PROTOTYPES = YES;
				CLANG_WARN_SUSPICIOUS_MOVE = YES;
				CLANG_WARN_UNGUARDED_AVAILABILITY = YES_AGGRESSIVE;
				CLANG_WARN_UNREACHABLE_CODE = YES;
				CLANG_WARN__DUPLICATE_METHOD_MATCH = YES;
				COPY_PHASE_STRIP = NO;
				DEBUG_INFORMATION_FORMAT = "dwarf-with-dsym";
				ENABLE_NS_ASSERTIONS = NO;
				ENABLE_STRICT_OBJC_MSGSEND = YES;
				ENABLE_USER_SCRIPT_SANDBOXING = YES;
				GCC_C_LANGUAGE_STANDARD = gnu17;
				GCC_NO_COMMON_BLOCKS = YES;
				GCC_WARN_64_TO_32_BIT_CONVERSION = YES;
				GCC_WARN_ABOUT_RETURN_TYPE = YES_ERROR;
				GCC_WARN_UNDECLARED_SELECTOR = YES;
				GCC_WARN_UNINITIALIZED_AUTOS = YES_AGGRESSIVE;
				GCC_WARN_UNUSED_FUNCTION = YES;
				GCC_WARN_UNUSED_VARIABLE = YES;
				IPHONEOS_DEPLOYMENT_TARGET = 17.2;
				LOCALIZATION_PREFERS_STRING_CATALOGS = YES;
				MTL_ENABLE_DEBUG_INFO = NO;
				MTL_FAST_MATH = YES;
				SDKROOT = iphoneos;
				SWIFT_COMPILATION_MODE = wholemodule;
				VALIDATE_PRODUCT = YES;
			};
			name = Release;
		};
		1F184ECC2B8E7F9A009BA79A /* Debug */ = {
			isa = XCBuildConfiguration;
			buildSettings = {
				ASSETCATALOG_COMPILER_APPICON_NAME = AppIcon;
				ASSETCATALOG_COMPILER_GLOBAL_ACCENT_COLOR_NAME = AccentColor;
				CODE_SIGN_STYLE = Automatic;
				CURRENT_PROJECT_VERSION = 1;
				DEVELOPMENT_ASSET_PATHS = "\"Mood Hacker/Preview Content\"";
				ENABLE_PREVIEWS = YES;
				GENERATE_INFOPLIST_FILE = YES;
				INFOPLIST_KEY_UIApplicationSceneManifest_Generation = YES;
				INFOPLIST_KEY_UIApplicationSupportsIndirectInputEvents = YES;
				INFOPLIST_KEY_UILaunchScreen_Generation = YES;
				INFOPLIST_KEY_UISupportedInterfaceOrientations_iPad = "UIInterfaceOrientationPortrait UIInterfaceOrientationPortraitUpsideDown UIInterfaceOrientationLandscapeLeft UIInterfaceOrientationLandscapeRight";
				INFOPLIST_KEY_UISupportedInterfaceOrientations_iPhone = "UIInterfaceOrientationPortrait UIInterfaceOrientationLandscapeLeft UIInterfaceOrientationLandscapeRight";
				LD_RUNPATH_SEARCH_PATHS = (
					"$(inherited)",
					"@executable_path/Frameworks",
				);
				MARKETING_VERSION = 1.0;
				PRODUCT_BUNDLE_IDENTIFIER = "UCF-GWC.Mood-Hacker";
				PRODUCT_NAME = "$(TARGET_NAME)";
				SWIFT_EMIT_LOC_STRINGS = YES;
				SWIFT_VERSION = 5.0;
				TARGETED_DEVICE_FAMILY = "1,2";
			};
			name = Debug;
		};
		1F184ECD2B8E7F9A009BA79A /* Release */ = {
			isa = XCBuildConfiguration;
			buildSettings = {
				ASSETCATALOG_COMPILER_APPICON_NAME = AppIcon;
				ASSETCATALOG_COMPILER_GLOBAL_ACCENT_COLOR_NAME = AccentColor;
				CODE_SIGN_STYLE = Automatic;
				CURRENT_PROJECT_VERSION = 1;
				DEVELOPMENT_ASSET_PATHS = "\"Mood Hacker/Preview Content\"";
				ENABLE_PREVIEWS = YES;
				GENERATE_INFOPLIST_FILE = YES;
				INFOPLIST_KEY_UIApplicationSceneManifest_Generation = YES;
				INFOPLIST_KEY_UIApplicationSupportsIndirectInputEvents = YES;
				INFOPLIST_KEY_UILaunchScreen_Generation = YES;
				INFOPLIST_KEY_UISupportedInterfaceOrientations_iPad = "UIInterfaceOrientationPortrait UIInterfaceOrientationPortraitUpsideDown UIInterfaceOrientationLandscapeLeft UIInterfaceOrientationLandscapeRight";
				INFOPLIST_KEY_UISupportedInterfaceOrientations_iPhone = "UIInterfaceOrientationPortrait UIInterfaceOrientationLandscapeLeft UIInterfaceOrientationLandscapeRight";
				LD_RUNPATH_SEARCH_PATHS = (
					"$(inherited)",
					"@executable_path/Frameworks",
				);
				MARKETING_VERSION = 1.0;
				PRODUCT_BUNDLE_IDENTIFIER = "UCF-GWC.Mood-Hacker";
				PRODUCT_NAME = "$(TARGET_NAME)";
				SWIFT_EMIT_LOC_STRINGS = YES;
				SWIFT_VERSION = 5.0;
				TARGETED_DEVICE_FAMILY = "1,2";
			};
			name = Release;
		};
		1F184ECF2B8E7F9A009BA79A /* Debug */ = {
			isa = XCBuildConfiguration;
			buildSettings = {
				ALWAYS_EMBED_SWIFT_STANDARD_LIBRARIES = YES;
				BUNDLE_LOADER = "$(TEST_HOST)";
				CODE_SIGN_STYLE = Automatic;
				CURRENT_PROJECT_VERSION = 1;
				GENERATE_INFOPLIST_FILE = YES;
				IPHONEOS_DEPLOYMENT_TARGET = 17.2;
				MARKETING_VERSION = 1.0;
				PRODUCT_BUNDLE_IDENTIFIER = "UCF-GWC.Mood-HackerTests";
				PRODUCT_NAME = "$(TARGET_NAME)";
				SWIFT_EMIT_LOC_STRINGS = NO;
				SWIFT_VERSION = 5.0;
				TARGETED_DEVICE_FAMILY = "1,2";
				TEST_HOST = "$(BUILT_PRODUCTS_DIR)/Mood Hacker.app/$(BUNDLE_EXECUTABLE_FOLDER_PATH)/Mood Hacker";
			};
			name = Debug;
		};
		1F184ED02B8E7F9A009BA79A /* Release */ = {
			isa = XCBuildConfiguration;
			buildSettings = {
				ALWAYS_EMBED_SWIFT_STANDARD_LIBRARIES = YES;
				BUNDLE_LOADER = "$(TEST_HOST)";
				CODE_SIGN_STYLE = Automatic;
				CURRENT_PROJECT_VERSION = 1;
				GENERATE_INFOPLIST_FILE = YES;
				IPHONEOS_DEPLOYMENT_TARGET = 17.2;
				MARKETING_VERSION = 1.0;
				PRODUCT_BUNDLE_IDENTIFIER = "UCF-GWC.Mood-HackerTests";
				PRODUCT_NAME = "$(TARGET_NAME)";
				SWIFT_EMIT_LOC_STRINGS = NO;
				SWIFT_VERSION = 5.0;
				TARGETED_DEVICE_FAMILY = "1,2";
				TEST_HOST = "$(BUILT_PRODUCTS_DIR)/Mood Hacker.app/$(BUNDLE_EXECUTABLE_FOLDER_PATH)/Mood Hacker";
			};
			name = Release;
		};
		1F184ED22B8E7F9A009BA79A /* Debug */ = {
			isa = XCBuildConfiguration;
			buildSettings = {
				ALWAYS_EMBED_SWIFT_STANDARD_LIBRARIES = YES;
				CODE_SIGN_STYLE = Automatic;
				CURRENT_PROJECT_VERSION = 1;
				GENERATE_INFOPLIST_FILE = YES;
				MARKETING_VERSION = 1.0;
				PRODUCT_BUNDLE_IDENTIFIER = "UCF-GWC.Mood-HackerUITests";
				PRODUCT_NAME = "$(TARGET_NAME)";
				SWIFT_EMIT_LOC_STRINGS = NO;
				SWIFT_VERSION = 5.0;
				TARGETED_DEVICE_FAMILY = "1,2";
				TEST_TARGET_NAME = "Mood Hacker";
			};
			name = Debug;
		};
		1F184ED32B8E7F9A009BA79A /* Release */ = {
			isa = XCBuildConfiguration;
			buildSettings = {
				ALWAYS_EMBED_SWIFT_STANDARD_LIBRARIES = YES;
				CODE_SIGN_STYLE = Automatic;
				CURRENT_PROJECT_VERSION = 1;
				GENERATE_INFOPLIST_FILE = YES;
				MARKETING_VERSION = 1.0;
				PRODUCT_BUNDLE_IDENTIFIER = "UCF-GWC.Mood-HackerUITests";
				PRODUCT_NAME = "$(TARGET_NAME)";
				SWIFT_EMIT_LOC_STRINGS = NO;
				SWIFT_VERSION = 5.0;
				TARGETED_DEVICE_FAMILY = "1,2";
				TEST_TARGET_NAME = "Mood Hacker";
			};
			name = Release;
		};
/* End XCBuildConfiguration section */

/* Begin XCConfigurationList section */
		1F184EA02B8E7F93009BA79A /* Build configuration list for PBXProject "Mood Hacker" */ = {
			isa = XCConfigurationList;
			buildConfigurations = (
				1F184EC92B8E7F9A009BA79A /* Debug */,
				1F184ECA2B8E7F9A009BA79A /* Release */,
			);
			defaultConfigurationIsVisible = 0;
			defaultConfigurationName = Release;
		};
		1F184ECB2B8E7F9A009BA79A /* Build configuration list for PBXNativeTarget "Mood Hacker" */ = {
			isa = XCConfigurationList;
			buildConfigurations = (
				1F184ECC2B8E7F9A009BA79A /* Debug */,
				1F184ECD2B8E7F9A009BA79A /* Release */,
			);
			defaultConfigurationIsVisible = 0;
			defaultConfigurationName = Release;
		};
		1F184ECE2B8E7F9A009BA79A /* Build configuration list for PBXNativeTarget "Mood HackerTests" */ = {
			isa = XCConfigurationList;
			buildConfigurations = (
				1F184ECF2B8E7F9A009BA79A /* Debug */,
				1F184ED02B8E7F9A009BA79A /* Release */,
			);
			defaultConfigurationIsVisible = 0;
			defaultConfigurationName = Release;
		};
		1F184ED12B8E7F9A009BA79A /* Build configuration list for PBXNativeTarget "Mood HackerUITests" */ = {
			isa = XCConfigurationList;
			buildConfigurations = (
				1F184ED22B8E7F9A009BA79A /* Debug */,
				1F184ED32B8E7F9A009BA79A /* Release */,
			);
			defaultConfigurationIsVisible = 0;
			defaultConfigurationName = Release;
		};
/* End XCConfigurationList section */
	};
	rootObject = 1F184E9D2B8E7F93009BA79A /* Project object */;
}
